
Microsoft Visual Studio Solution File, Format Version 12.00
# Visual Studio Version 17
VisualStudioVersion = 17.8.34525.116
MinimumVisualStudioVersion = 10.0.40219.1
Project("{FAE04EC0-301F-11D3-BF4B-00C04F79EFBC}") = "website", "website\website.csproj", "{A190D39C-8882-49CF-8F27-B5E0BF5C8D2D}"
EndProject
Global
	GlobalSection(SolutionConfigurationPlatforms) = preSolution
		Debug|Any CPU = Debug|Any CPU
		Release|Any CPU = Release|Any CPU
	EndGlobalSection
	GlobalSection(ProjectConfigurationPlatforms) = postSolution
		{A190D39C-8882-49CF-8F27-B5E0BF5C8D2D}.Debug|Any CPU.ActiveCfg = Debug|Any CPU
		{A190D39C-8882-49CF-8F27-B5E0BF5C8D2D}.Debug|Any CPU.Build.0 = Debug|Any CPU
		{A190D39C-8882-49CF-8F27-B5E0BF5C8D2D}.Release|Any CPU.ActiveCfg = Release|Any CPU
		{A190D39C-8882-49CF-8F27-B5E0BF5C8D2D}.Release|Any CPU.Build.0 = Release|Any CPU
	EndGlobalSection
	GlobalSection(SolutionProperties) = preSolution
		HideSolutionNode = FALSE
	EndGlobalSection
	GlobalSection(ExtensibilityGlobals) = postSolution
		SolutionGuid = {1C01F675-B4E5-41AE-AEA3-BB7DE66B2695}
	EndGlobalSection
EndGlobal
